dependencies:
- name: ingress-nginx
  repository: https://kubernetes.github.io/ingress-nginx
  version: 3.34.0
- name: cert-manager
  repository: https://charts.jetstack.io
  version: v0.13.0
digest: sha256:4c9f0ebdee413b17769e6ccdb3bbed19b0b59448557f63a6a14e3d6e3c097482
generated: "2023-07-07T11:23:47.342893+01:00"
