dependencies:
- name: ingress-nginx
  repository: https://kubernetes.github.io/ingress-nginx
  version: 3.19.0
- name: cert-manager
  repository: https://charts.jetstack.io
  version: v0.13.0
digest: sha256:eab37aa5ace2f4a647f5c098940f52fc2f43a13468275d23defe781f21d3be1a
generated: "2021-01-05T18:01:51.710928Z"
